github.com/notnoobmaster/luautil v1.4.8 h1:YQzCw0A/KC5AlY16GdfzlO05ydTZg+53uhawpx/n0Jw=
github.com/notnoobmaster/luautil v1.4.8/go.mod h1:tWnDhktqUovLyBzODLB6PNX7XNS37/dAQFOtpbtecl4=
github.com/notnoobmaster/luautil v1.4.9 h1:c/faeJ0v6vB+O67e1krvYmLZ9jw14vmXK23XepwSL98=
github.com/notnoobmaster/luautil v1.4.9/go.mod h1:tWnDhktqUovLyBzODLB6PNX7XNS37/dAQFOtpbtecl4=
github.com/notnoobmaster/luautil v1.4.10 h1:W7bVg+TCzR1odPohfb6Z6KrsG09w155MYBpjGlIFqcE=
github.com/notnoobmaster/luautil v1.4.10/go.mod h1:tWnDhktqUovLyBzODLB6PNX7XNS37/dAQFOtpbtecl4=
